
Microsoft Visual Studio Solution File, Format Version 12.00
# Visual Studio Version 17
VisualStudioVersion = 17.12.35527.113 d17.12
MinimumVisualStudioVersion = 10.0.40219.1
Project("{FAE04EC0-301F-11D3-BF4B-00C04F79EFBC}") = "HotelListing.API", "HotelListing.API.csproj", "{98FA6022-B603-4791-A33C-83C3F152BA1E}"
EndProject
Project("{FAE04EC0-301F-11D3-BF4B-00C04F79EFBC}") = "HotelListing.MinimalAPI", "..\HotelListing.MinimalAPI\HotelListing.MinimalAPI.csproj", "{9968B8D9-7E3C-43B1-AC44-317083A52E87}"
EndProject
Global
	GlobalSection(SolutionConfigurationPlatforms) = preSolution
		Debug|Any CPU = Debug|Any CPU
		Release|Any CPU = Release|Any CPU
	EndGlobalSection
	GlobalSection(ProjectConfigurationPlatforms) = postSolution
		{98FA6022-B603-4791-A33C-83C3F152BA1E}.Debug|Any CPU.ActiveCfg = Debug|Any CPU
		{98FA6022-B603-4791-A33C-83C3F152BA1E}.Debug|Any CPU.Build.0 = Debug|Any CPU
		{98FA6022-B603-4791-A33C-83C3F152BA1E}.Release|Any CPU.ActiveCfg = Release|Any CPU
		{98FA6022-B603-4791-A33C-83C3F152BA1E}.Release|Any CPU.Build.0 = Release|Any CPU
		{9968B8D9-7E3C-43B1-AC44-317083A52E87}.Debug|Any CPU.ActiveCfg = Debug|Any CPU
		{9968B8D9-7E3C-43B1-AC44-317083A52E87}.Debug|Any CPU.Build.0 = Debug|Any CPU
		{9968B8D9-7E3C-43B1-AC44-317083A52E87}.Release|Any CPU.ActiveCfg = Release|Any CPU
		{9968B8D9-7E3C-43B1-AC44-317083A52E87}.Release|Any CPU.Build.0 = Release|Any CPU
	EndGlobalSection
	GlobalSection(SolutionProperties) = preSolution
		HideSolutionNode = FALSE
	EndGlobalSection
EndGlobal
